<Solution>
  <Project Path="MyProject.BL/MyProject.BL.csproj" />
  <Project Path="MyProject.Core/MyProject.Core.csproj" />
  <Project Path="MyProject.Data/MyProject.Data.csproj" />
  <Project Path="MyProject.API/MyProject.API.csproj" />
  <Project Path="MyProject.SolverService/MyProject.SolverService.csproj" />
</Solution>
